// !$*UTF8*$!
{
	archiveVersion = 1;
	classes = {
	};
	objectVersion = 42;
	objects = {

/* Begin PBXBuildFile section */
		6A4966880DE47906001E75AA /* Main.mm in Sources */ = {isa = PBXBuildFile; fileRef = 6A4966850DE47906001E75AA /* Main.mm */; };
		6A4966980DE4793C001E75AA /* Cocoa.framework in Frameworks */ = {isa = PBXBuildFile; fileRef = 6A4966970DE4793C001E75AA /* Cocoa.framework */; };
		856AD7AC0F93AD1A00E10EC7 /* Century Gothic Bold Italic.ttf in CopyFiles */ = {isa = PBXBuildFile; fileRef = 856AD7A00F93AD1500E10EC7 /* Century Gothic Bold Italic.ttf */; };
		856AD7AD0F93AD1A00E10EC7 /* Century Gothic Bold.ttf in CopyFiles */ = {isa = PBXBuildFile; fileRef = 856AD7A10F93AD1500E10EC7 /* Century Gothic Bold.ttf */; };
		856AD7AE0F93AD1A00E10EC7 /* Century Gothic Italic.ttf in CopyFiles */ = {isa = PBXBuildFile; fileRef = 856AD7A20F93AD1500E10EC7 /* Century Gothic Italic.ttf */; };
		856AD7AF0F93AD1A00E10EC7 /* Century Gothic.ttf in CopyFiles */ = {isa = PBXBuildFile; fileRef = 856AD7A30F93AD1500E10EC7 /* Century Gothic.ttf */; };
		856AD7B00F93AD1A00E10EC7 /* ocrb10n.ttf in CopyFiles */ = {isa = PBXBuildFile; fileRef = 856AD7A40F93AD1500E10EC7 /* ocrb10n.ttf */; };
		856AD7B10F93AD1A00E10EC7 /* DFHei.ttf in CopyFiles */ = {isa = PBXBuildFile; fileRef = 856AD7A50F93AD1500E10EC7 /* DFHei.ttf */; };
		DAC117F1104A36980064004E /* ZRCGUtilities.mm in Sources */ = {isa = PBXBuildFile; fileRef = DAC117F0104A36980064004E /* ZRCGUtilities.mm */; };
		DAC9C1E7110A1A0B00C3EDA5 /* PageElements.framework in Frameworks */ = {isa = PBXBuildFile; fileRef = DAC9C1C3110A1A0000C3EDA5 /* PageElements.framework */; };
		DAC9C1E8110A1A1A00C3EDA5 /* PageElements.framework in CopyFiles */ = {isa = PBXBuildFile; fileRef = DAC9C1C3110A1A0000C3EDA5 /* PageElements.framework */; };
		DAC9C1ED110A1A7500C3EDA5 /* NSExtensions.framework in Frameworks */ = {isa = PBXBuildFile; fileRef = DAC9C1C1110A1A0000C3EDA5 /* NSExtensions.framework */; };
		DAC9C1F2110A1A8300C3EDA5 /* NSExtensions.framework in CopyFiles */ = {isa = PBXBuildFile; fileRef = DAC9C1C1110A1A0000C3EDA5 /* NSExtensions.framework */; };
		DAC9C211110A1D6C00C3EDA5 /* ColorBitmapContext.cpp in Sources */ = {isa = PBXBuildFile; fileRef = DAC9C20D110A1D6C00C3EDA5 /* ColorBitmapContext.cpp */; };
		DAC9C212110A1D6C00C3EDA5 /* ContextGraphics.cpp in Sources */ = {isa = PBXBuildFile; fileRef = DAC9C20E110A1D6C00C3EDA5 /* ContextGraphics.cpp */; };
		DAC9C213110A1D6C00C3EDA5 /* ImageHelper.cpp in Sources */ = {isa = PBXBuildFile; fileRef = DAC9C20F110A1D6C00C3EDA5 /* ImageHelper.cpp */; };
		DAC9C214110A1D6C00C3EDA5 /* SinglePagePDF.cpp in Sources */ = {isa = PBXBuildFile; fileRef = DAC9C210110A1D6C00C3EDA5 /* SinglePagePDF.cpp */; };
/* End PBXBuildFile section */

/* Begin PBXContainerItemProxy section */
		DAC9C1BC110A1A0000C3EDA5 /* PBXContainerItemProxy */ = {
			isa = PBXContainerItemProxy;
			containerPortal = DAC9C1A6110A19FF00C3EDA5 /* PageCircus.xcodeproj */;
			proxyType = 2;
			remoteGlobalIDString = 6A080F370B24DA4A0078A159;
			remoteInfo = BookMaker;
		};
		DAC9C1BE110A1A0000C3EDA5 /* PBXContainerItemProxy */ = {
			isa = PBXContainerItemProxy;
			containerPortal = DAC9C1A6110A19FF00C3EDA5 /* PageCircus.xcodeproj */;
			proxyType = 2;
			remoteGlobalIDString = 6A0C0D9D0B1F683C00F0A66E;
			remoteInfo = DrawingTools;
		};
		DAC9C1C0110A1A0000C3EDA5 /* PBXContainerItemProxy */ = {
			isa = PBXContainerItemProxy;
			containerPortal = DAC9C1A6110A19FF00C3EDA5 /* PageCircus.xcodeproj */;
			proxyType = 2;
			remoteGlobalIDString = 6A0C07E30B1F417300F0A66E;
			remoteInfo = NSExtensions;
		};
		DAC9C1C2110A1A0000C3EDA5 /* PBXContainerItemProxy */ = {
			isa = PBXContainerItemProxy;
			containerPortal = DAC9C1A6110A19FF00C3EDA5 /* PageCircus.xcodeproj */;
			proxyType = 2;
			remoteGlobalIDString = 6A0C0BFB0B1F64FE00F0A66E;
			remoteInfo = PageElements;
		};
		DAC9C1C4110A1A0000C3EDA5 /* PBXContainerItemProxy */ = {
			isa = PBXContainerItemProxy;
			containerPortal = DAC9C1A6110A19FF00C3EDA5 /* PageCircus.xcodeproj */;
			proxyType = 2;
			remoteGlobalIDString = 6A0C0BD80B1F649F00F0A66E;
			remoteInfo = PageElementsDrawingTests;
		};
		DAC9C1C6110A1A0000C3EDA5 /* PBXContainerItemProxy */ = {
			isa = PBXContainerItemProxy;
			containerPortal = DAC9C1A6110A19FF00C3EDA5 /* PageCircus.xcodeproj */;
			proxyType = 2;
			remoteGlobalIDString = 6A0B49070B214C0B00BFC667;
			remoteInfo = PhotoBookHelper;
		};
		DAC9C1C8110A1A0000C3EDA5 /* PBXContainerItemProxy */ = {
			isa = PBXContainerItemProxy;
			containerPortal = DAC9C1A6110A19FF00C3EDA5 /* PageCircus.xcodeproj */;
			proxyType = 2;
			remoteGlobalIDString = 6A080E470B24D98B0078A159;
			remoteInfo = BookMakerOutputTest;
		};
		DAC9C1CA110A1A0000C3EDA5 /* PBXContainerItemProxy */ = {
			isa = PBXContainerItemProxy;
			containerPortal = DAC9C1A6110A19FF00C3EDA5 /* PageCircus.xcodeproj */;
			proxyType = 2;
			remoteGlobalIDString = 6A0351720B22C3240029C96E;
			remoteInfo = BookMakerTests;
		};
		DAC9C1CC110A1A0000C3EDA5 /* PBXContainerItemProxy */ = {
			isa = PBXContainerItemProxy;
			containerPortal = DAC9C1A6110A19FF00C3EDA5 /* PageCircus.xcodeproj */;
			proxyType = 2;
			remoteGlobalIDString = 6A0C05EE0B1F270700F0A66E;
			remoteInfo = PageElementsTests;
		};
		DAC9C1CE110A1A0000C3EDA5 /* PBXContainerItemProxy */ = {
			isa = PBXContainerItemProxy;
			containerPortal = DAC9C1A6110A19FF00C3EDA5 /* PageCircus.xcodeproj */;
			proxyType = 2;
			remoteGlobalIDString = 6A0A35F30B24EB5400E3888F;
			remoteInfo = NSExtensionsTests;
		};
		DAC9C1D0110A1A0000C3EDA5 /* PBXContainerItemProxy */ = {
			isa = PBXContainerItemProxy;
			containerPortal = DAC9C1A6110A19FF00C3EDA5 /* PageCircus.xcodeproj */;
			proxyType = 2;
			remoteGlobalIDString = 6A3D391A0B27880C00DB2BE7;
			remoteInfo = NSRunLoopStudy;
		};
		DAC9C1D2110A1A0000C3EDA5 /* PBXContainerItemProxy */ = {
			isa = PBXContainerItemProxy;
			containerPortal = DAC9C1A6110A19FF00C3EDA5 /* PageCircus.xcodeproj */;
			proxyType = 2;
			remoteGlobalIDString = 6AB0378C0B36E0200050A519;
			remoteInfo = PagePreviewer;
		};
		DAC9C1D4110A1A0000C3EDA5 /* PBXContainerItemProxy */ = {
			isa = PBXContainerItemProxy;
			containerPortal = DAC9C1A6110A19FF00C3EDA5 /* PageCircus.xcodeproj */;
			proxyType = 2;
			remoteGlobalIDString = 6A00848F0B9110EE00ED7235;
			remoteInfo = PageFixer;
		};
		DAC9C1D6110A1A0000C3EDA5 /* PBXContainerItemProxy */ = {
			isa = PBXContainerItemProxy;
			containerPortal = DAC9C1A6110A19FF00C3EDA5 /* PageCircus.xcodeproj */;
			proxyType = 2;
			remoteGlobalIDString = 6A0778730D84551800306420;
			remoteInfo = BarcodeOverprinter;
		};
		DAC9C1D8110A1A0000C3EDA5 /* PBXContainerItemProxy */ = {
			isa = PBXContainerItemProxy;
			containerPortal = DAC9C1A6110A19FF00C3EDA5 /* PageCircus.xcodeproj */;
			proxyType = 2;
			remoteGlobalIDString = 8523D5900F83E23000A09199;
			remoteInfo = TextPlayground;
		};
		DAC9C1F3110A1A9E00C3EDA5 /* PBXContainerItemProxy */ = {
			isa = PBXContainerItemProxy;
			containerPortal = DAC9C1A6110A19FF00C3EDA5 /* PageCircus.xcodeproj */;
			proxyType = 1;
			remoteGlobalIDString = 6A0C0BFA0B1F64FE00F0A66E;
			remoteInfo = PageElements;
		};
		DAC9C1F5110A1AA100C3EDA5 /* PBXContainerItemProxy */ = {
			isa = PBXContainerItemProxy;
			containerPortal = DAC9C1A6110A19FF00C3EDA5 /* PageCircus.xcodeproj */;
			proxyType = 1;
			remoteGlobalIDString = 6A0C07E20B1F417300F0A66E;
			remoteInfo = NSExtensions;
		};
/* End PBXContainerItemProxy section */

/* Begin PBXCopyFilesBuildPhase section */
		6A4966BF0DE4796B001E75AA /* CopyFiles */ = {
			isa = PBXCopyFilesBuildPhase;
			buildActionMask = 2147483647;
			dstPath = "";
			dstSubfolderSpec = 10;
			files = (
				DAC9C1F2110A1A8300C3EDA5 /* NSExtensions.framework in CopyFiles */,
				DAC9C1E8110A1A1A00C3EDA5 /* PageElements.framework in CopyFiles */,
			);
			runOnlyForDeploymentPostprocessing = 0;
		};
		856AD7970F93AC8300E10EC7 /* CopyFiles */ = {
			isa = PBXCopyFilesBuildPhase;
			buildActionMask = 2147483647;
			dstPath = Fonts;
			dstSubfolderSpec = 7;
			files = (
				856AD7AC0F93AD1A00E10EC7 /* Century Gothic Bold Italic.ttf in CopyFiles */,
				856AD7AD0F93AD1A00E10EC7 /* Century Gothic Bold.ttf in CopyFiles */,
				856AD7AE0F93AD1A00E10EC7 /* Century Gothic Italic.ttf in CopyFiles */,
				856AD7AF0F93AD1A00E10EC7 /* Century Gothic.ttf in CopyFiles */,
				856AD7B00F93AD1A00E10EC7 /* ocrb10n.ttf in CopyFiles */,
				856AD7B10F93AD1A00E10EC7 /* DFHei.ttf in CopyFiles */,
			);
			runOnlyForDeploymentPostprocessing = 0;
		};
/* End PBXCopyFilesBuildPhase section */

/* Begin PBXFileReference section */
		6A49667C0DE478A8001E75AA /* PageComposer.app */ = {isa = PBXFileReference; explicitFileType = wrapper.application; includeInIndex = 0; path = PageComposer.app; sourceTree = BUILT_PRODUCTS_DIR; };
		6A49667F0DE478A8001E75AA /* PageComposer-Info.plist */ = {isa = PBXFileReference; lastKnownFileType = text.plist.xml; path = "PageComposer-Info.plist"; sourceTree = "<group>"; };
		6A4966850DE47906001E75AA /* Main.mm */ = {isa = PBXFileReference; fileEncoding = 4; lastKnownFileType = sourcecode.cpp.objcpp; path = Main.mm; sourceTree = "<group>"; };
		6A4966860DE47906001E75AA /* OVStringHelper.h */ = {isa = PBXFileReference; fileEncoding = 4; lastKnownFileType = sourcecode.c.h; path = OVStringHelper.h; sourceTree = "<group>"; };
		6A4966870DE47906001E75AA /* OVWildcard.h */ = {isa = PBXFileReference; fileEncoding = 4; lastKnownFileType = sourcecode.c.h; path = OVWildcard.h; sourceTree = "<group>"; };
		6A4966970DE4793C001E75AA /* Cocoa.framework */ = {isa = PBXFileReference; lastKnownFileType = wrapper.framework; name = Cocoa.framework; path = /System/Library/Frameworks/Cocoa.framework; sourceTree = "<absolute>"; };
		856AD7A00F93AD1500E10EC7 /* Century Gothic Bold Italic.ttf */ = {isa = PBXFileReference; lastKnownFileType = file; path = "Century Gothic Bold Italic.ttf"; sourceTree = "<group>"; };
		856AD7A10F93AD1500E10EC7 /* Century Gothic Bold.ttf */ = {isa = PBXFileReference; lastKnownFileType = file; path = "Century Gothic Bold.ttf"; sourceTree = "<group>"; };
		856AD7A20F93AD1500E10EC7 /* Century Gothic Italic.ttf */ = {isa = PBXFileReference; lastKnownFileType = file; path = "Century Gothic Italic.ttf"; sourceTree = "<group>"; };
		856AD7A30F93AD1500E10EC7 /* Century Gothic.ttf */ = {isa = PBXFileReference; lastKnownFileType = file; path = "Century Gothic.ttf"; sourceTree = "<group>"; };
		856AD7A40F93AD1500E10EC7 /* ocrb10n.ttf */ = {isa = PBXFileReference; lastKnownFileType = file; path = ocrb10n.ttf; sourceTree = "<group>"; };
		856AD7A50F93AD1500E10EC7 /* DFHei.ttf */ = {isa = PBXFileReference; lastKnownFileType = file; path = DFHei.ttf; sourceTree = "<group>"; };
		DAC117EF104A36980064004E /* ZRCGUtilities.h */ = {isa = PBXFileReference; fileEncoding = 4; lastKnownFileType = sourcecode.c.h; path = ZRCGUtilities.h; sourceTree = "<group>"; };
		DAC117F0104A36980064004E /* ZRCGUtilities.mm */ = {isa = PBXFileReference; fileEncoding = 4; lastKnownFileType = sourcecode.cpp.objcpp; path = ZRCGUtilities.mm; sourceTree = "<group>"; };
		DAC9C1A6110A19FF00C3EDA5 /* PageCircus.xcodeproj */ = {isa = PBXFileReference; lastKnownFileType = "wrapper.pb-project"; name = PageCircus.xcodeproj; path = ../PageCircus/PageCircus.xcodeproj; sourceTree = SOURCE_ROOT; };
		DAC9C20D110A1D6C00C3EDA5 /* ColorBitmapContext.cpp */ = {isa = PBXFileReference; fileEncoding = 4; lastKnownFileType = sourcecode.cpp.cpp; path = ColorBitmapContext.cpp; sourceTree = "<group>"; };
		DAC9C20E110A1D6C00C3EDA5 /* ContextGraphics.cpp */ = {isa = PBXFileReference; fileEncoding = 4; lastKnownFileType = sourcecode.cpp.cpp; path = ContextGraphics.cpp; sourceTree = "<group>"; };
		DAC9C20F110A1D6C00C3EDA5 /* ImageHelper.cpp */ = {isa = PBXFileReference; fileEncoding = 4; lastKnownFileType = sourcecode.cpp.cpp; path = ImageHelper.cpp; sourceTree = "<group>"; };
		DAC9C210110A1D6C00C3EDA5 /* SinglePagePDF.cpp */ = {isa = PBXFileReference; fileEncoding = 4; lastKnownFileType = sourcecode.cpp.cpp; path = SinglePagePDF.cpp; sourceTree = "<group>"; };
		DAC9C241110A1E7000C3EDA5 /* ColorBitmapContext.h */ = {isa = PBXFileReference; fileEncoding = 4; lastKnownFileType = sourcecode.c.h; path = ColorBitmapContext.h; sourceTree = SOURCE_ROOT; };
		DAC9C242110A1E7000C3EDA5 /* ContextGraphics.h */ = {isa = PBXFileReference; fileEncoding = 4; lastKnownFileType = sourcecode.c.h; path = ContextGraphics.h; sourceTree = SOURCE_ROOT; };
		DAC9C243110A1E7000C3EDA5 /* ImageHelper.h */ = {isa = PBXFileReference; fileEncoding = 4; lastKnownFileType = sourcecode.c.h; path = ImageHelper.h; sourceTree = SOURCE_ROOT; };
		DAC9C244110A1E7000C3EDA5 /* LFSimpleGraphics.h */ = {isa = PBXFileReference; fileEncoding = 4; lastKnownFileType = sourcecode.c.h; path = LFSimpleGraphics.h; sourceTree = SOURCE_ROOT; };
		DAC9C245110A1E7000C3EDA5 /* SinglePagePDF.h */ = {isa = PBXFileReference; fileEncoding = 4; lastKnownFileType = sourcecode.c.h; path = SinglePagePDF.h; sourceTree = SOURCE_ROOT; };
/* End PBXFileReference section */

/* Begin PBXFrameworksBuildPhase section */
		6A49667A0DE478A8001E75AA /* Frameworks */ = {
			isa = PBXFrameworksBuildPhase;
			buildActionMask = 2147483647;
			files = (
				6A4966980DE4793C001E75AA /* Cocoa.framework in Frameworks */,
				DAC9C1E7110A1A0B00C3EDA5 /* PageElements.framework in Frameworks */,
				DAC9C1ED110A1A7500C3EDA5 /* NSExtensions.framework in Frameworks */,
			);
			runOnlyForDeploymentPostprocessing = 0;
		};
/* End PBXFrameworksBuildPhase section */

/* Begin PBXGroup section */
		6A4966650DE4788E001E75AA = {
			isa = PBXGroup;
			children = (
				6A49669D0DE47941001E75AA /* Source */,
				6A4966890DE47909001E75AA /* Dependencies */,
				6A4966960DE4791F001E75AA /* Apple Frameworks */,
				856AD79E0F93ACF100E10EC7 /* Embedded Fonts */,
				6A49667D0DE478A8001E75AA /* Products */,
				6A49667F0DE478A8001E75AA /* PageComposer-Info.plist */,
			);
			sourceTree = "<group>";
		};
		6A49667D0DE478A8001E75AA /* Products */ = {
			isa = PBXGroup;
			children = (
				6A49667C0DE478A8001E75AA /* PageComposer.app */,
			);
			name = Products;
			sourceTree = "<group>";
		};
		6A4966890DE47909001E75AA /* Dependencies */ = {
			isa = PBXGroup;
			children = (
				DAC9C1A6110A19FF00C3EDA5 /* PageCircus.xcodeproj */,
			);
			name = Dependencies;
			sourceTree = "<group>";
		};
		6A4966960DE4791F001E75AA /* Apple Frameworks */ = {
			isa = PBXGroup;
			children = (
				6A4966970DE4793C001E75AA /* Cocoa.framework */,
			);
			name = "Apple Frameworks";
			sourceTree = "<group>";
		};
		6A49669D0DE47941001E75AA /* Source */ = {
			isa = PBXGroup;
			children = (
				DAC9C207110A1D6100C3EDA5 /* LFSimpleGraphics */,
				6A4966850DE47906001E75AA /* Main.mm */,
				6A4966860DE47906001E75AA /* OVStringHelper.h */,
				6A4966870DE47906001E75AA /* OVWildcard.h */,
				DAC117EF104A36980064004E /* ZRCGUtilities.h */,
				DAC117F0104A36980064004E /* ZRCGUtilities.mm */,
			);
			name = Source;
			sourceTree = "<group>";
		};
		856AD79E0F93ACF100E10EC7 /* Embedded Fonts */ = {
			isa = PBXGroup;
			children = (
				856AD7A00F93AD1500E10EC7 /* Century Gothic Bold Italic.ttf */,
				856AD7A10F93AD1500E10EC7 /* Century Gothic Bold.ttf */,
				856AD7A20F93AD1500E10EC7 /* Century Gothic Italic.ttf */,
				856AD7A30F93AD1500E10EC7 /* Century Gothic.ttf */,
				856AD7A40F93AD1500E10EC7 /* ocrb10n.ttf */,
				856AD7A50F93AD1500E10EC7 /* DFHei.ttf */,
			);
			name = "Embedded Fonts";
			path = Fonts;
			sourceTree = "<group>";
		};
		DAC9C1A7110A19FF00C3EDA5 /* Products */ = {
			isa = PBXGroup;
			children = (
				DAC9C1BD110A1A0000C3EDA5 /* BookMaker.framework */,
				DAC9C1BF110A1A0000C3EDA5 /* DrawingTools.framework */,
				DAC9C1C1110A1A0000C3EDA5 /* NSExtensions.framework */,
				DAC9C1C3110A1A0000C3EDA5 /* PageElements.framework */,
				DAC9C1C5110A1A0000C3EDA5 /* PageElementsDrawingTests.app */,
				DAC9C1C7110A1A0000C3EDA5 /* PhotoBookHelper.app */,
				DAC9C1C9110A1A0000C3EDA5 /* BookMakerOutputTest.app */,
				DAC9C1CB110A1A0000C3EDA5 /* BookMakerTests.octest */,
				DAC9C1CD110A1A0000C3EDA5 /* PageElementsTests.octest */,
				DAC9C1CF110A1A0000C3EDA5 /* NSExtensionsTests.octest */,
				DAC9C1D1110A1A0000C3EDA5 /* NSRunLoopStudy.app */,
				DAC9C1D3110A1A0000C3EDA5 /* PagePreviewer.app */,
				DAC9C1D5110A1A0000C3EDA5 /* PageFixer.app */,
				DAC9C1D7110A1A0000C3EDA5 /* BarcodeOverprinter.app */,
				DAC9C1D9110A1A0000C3EDA5 /* TextPlayground.app */,
			);
			name = Products;
			sourceTree = "<group>";
		};
		DAC9C207110A1D6100C3EDA5 /* LFSimpleGraphics */ = {
			isa = PBXGroup;
			children = (
				DAC9C241110A1E7000C3EDA5 /* ColorBitmapContext.h */,
				DAC9C242110A1E7000C3EDA5 /* ContextGraphics.h */,
				DAC9C243110A1E7000C3EDA5 /* ImageHelper.h */,
				DAC9C244110A1E7000C3EDA5 /* LFSimpleGraphics.h */,
				DAC9C245110A1E7000C3EDA5 /* SinglePagePDF.h */,
				DAC9C20D110A1D6C00C3EDA5 /* ColorBitmapContext.cpp */,
				DAC9C20E110A1D6C00C3EDA5 /* ContextGraphics.cpp */,
				DAC9C20F110A1D6C00C3EDA5 /* ImageHelper.cpp */,
				DAC9C210110A1D6C00C3EDA5 /* SinglePagePDF.cpp */,
			);
			name = LFSimpleGraphics;
			sourceTree = "<group>";
		};
/* End PBXGroup section */

/* Begin PBXNativeTarget section */
		6A49667B0DE478A8001E75AA /* PageComposer */ = {
			isa = PBXNativeTarget;
			buildConfigurationList = 6A4966820DE478A9001E75AA /* Build configuration list for PBXNativeTarget "PageComposer" */;
			buildPhases = (
				6A4966780DE478A8001E75AA /* Resources */,
				6A4966790DE478A8001E75AA /* Sources */,
				6A49667A0DE478A8001E75AA /* Frameworks */,
				6A4966BF0DE4796B001E75AA /* CopyFiles */,
				856AD7970F93AC8300E10EC7 /* CopyFiles */,
			);
			buildRules = (
			);
			dependencies = (
				DAC9C1F4110A1A9E00C3EDA5 /* PBXTargetDependency */,
				DAC9C1F6110A1AA100C3EDA5 /* PBXTargetDependency */,
			);
			name = PageComposer;
			productName = PageComposer;
			productReference = 6A49667C0DE478A8001E75AA /* PageComposer.app */;
			productType = "com.apple.product-type.application";
		};
/* End PBXNativeTarget section */

/* Begin PBXProject section */
		6A4966670DE4788E001E75AA /* Project object */ = {
			isa = PBXProject;
			buildConfigurationList = 6A49666A0DE4788E001E75AA /* Build configuration list for PBXProject "PageComposer" */;
			compatibilityVersion = "Xcode 2.4";
			hasScannedForEncodings = 0;
			mainGroup = 6A4966650DE4788E001E75AA;
			productRefGroup = 6A49667D0DE478A8001E75AA /* Products */;
			projectDirPath = "";
			projectReferences = (
				{
					ProductGroup = DAC9C1A7110A19FF00C3EDA5 /* Products */;
					ProjectRef = DAC9C1A6110A19FF00C3EDA5 /* PageCircus.xcodeproj */;
				},
			);
			projectRoot = "";
			targets = (
				6A49667B0DE478A8001E75AA /* PageComposer */,
			);
		};
/* End PBXProject section */

/* Begin PBXReferenceProxy section */
		DAC9C1BD110A1A0000C3EDA5 /* BookMaker.framework */ = {
			isa = PBXReferenceProxy;
			fileType = wrapper.framework;
			path = BookMaker.framework;
			remoteRef = DAC9C1BC110A1A0000C3EDA5 /* PBXContainerItemProxy */;
			sourceTree = BUILT_PRODUCTS_DIR;
		};
		DAC9C1BF110A1A0000C3EDA5 /* DrawingTools.framework */ = {
			isa = PBXReferenceProxy;
			fileType = wrapper.framework;
			path = DrawingTools.framework;
			remoteRef = DAC9C1BE110A1A0000C3EDA5 /* PBXContainerItemProxy */;
			sourceTree = BUILT_PRODUCTS_DIR;
		};
		DAC9C1C1110A1A0000C3EDA5 /* NSExtensions.framework */ = {
			isa = PBXReferenceProxy;
			fileType = wrapper.framework;
			path = NSExtensions.framework;
			remoteRef = DAC9C1C0110A1A0000C3EDA5 /* PBXContainerItemProxy */;
			sourceTree = BUILT_PRODUCTS_DIR;
		};
		DAC9C1C3110A1A0000C3EDA5 /* PageElements.framework */ = {
			isa = PBXReferenceProxy;
			fileType = wrapper.framework;
			path = PageElements.framework;
			remoteRef = DAC9C1C2110A1A0000C3EDA5 /* PBXContainerItemProxy */;
			sourceTree = BUILT_PRODUCTS_DIR;
		};
		DAC9C1C5110A1A0000C3EDA5 /* PageElementsDrawingTests.app */ = {
			isa = PBXReferenceProxy;
			fileType = wrapper.application;
			path = PageElementsDrawingTests.app;
			remoteRef = DAC9C1C4110A1A0000C3EDA5 /* PBXContainerItemProxy */;
			sourceTree = BUILT_PRODUCTS_DIR;
		};
		DAC9C1C7110A1A0000C3EDA5 /* PhotoBookHelper.app */ = {
			isa = PBXReferenceProxy;
			fileType = wrapper.application;
			path = PhotoBookHelper.app;
			remoteRef = DAC9C1C6110A1A0000C3EDA5 /* PBXContainerItemProxy */;
			sourceTree = BUILT_PRODUCTS_DIR;
		};
		DAC9C1C9110A1A0000C3EDA5 /* BookMakerOutputTest.app */ = {
			isa = PBXReferenceProxy;
			fileType = wrapper.application;
			path = BookMakerOutputTest.app;
			remoteRef = DAC9C1C8110A1A0000C3EDA5 /* PBXContainerItemProxy */;
			sourceTree = BUILT_PRODUCTS_DIR;
		};
		DAC9C1CB110A1A0000C3EDA5 /* BookMakerTests.octest */ = {
			isa = PBXReferenceProxy;
			fileType = wrapper.cfbundle;
			path = BookMakerTests.octest;
			remoteRef = DAC9C1CA110A1A0000C3EDA5 /* PBXContainerItemProxy */;
			sourceTree = BUILT_PRODUCTS_DIR;
		};
		DAC9C1CD110A1A0000C3EDA5 /* PageElementsTests.octest */ = {
			isa = PBXReferenceProxy;
			fileType = wrapper.cfbundle;
			path = PageElementsTests.octest;
			remoteRef = DAC9C1CC110A1A0000C3EDA5 /* PBXContainerItemProxy */;
			sourceTree = BUILT_PRODUCTS_DIR;
		};
		DAC9C1CF110A1A0000C3EDA5 /* NSExtensionsTests.octest */ = {
			isa = PBXReferenceProxy;
			fileType = wrapper.cfbundle;
			path = NSExtensionsTests.octest;
			remoteRef = DAC9C1CE110A1A0000C3EDA5 /* PBXContainerItemProxy */;
			sourceTree = BUILT_PRODUCTS_DIR;
		};
		DAC9C1D1110A1A0000C3EDA5 /* NSRunLoopStudy.app */ = {
			isa = PBXReferenceProxy;
			fileType = wrapper.application;
			path = NSRunLoopStudy.app;
			remoteRef = DAC9C1D0110A1A0000C3EDA5 /* PBXContainerItemProxy */;
			sourceTree = BUILT_PRODUCTS_DIR;
		};
		DAC9C1D3110A1A0000C3EDA5 /* PagePreviewer.app */ = {
			isa = PBXReferenceProxy;
			fileType = wrapper.application;
			path = PagePreviewer.app;
			remoteRef = DAC9C1D2110A1A0000C3EDA5 /* PBXContainerItemProxy */;
			sourceTree = BUILT_PRODUCTS_DIR;
		};
		DAC9C1D5110A1A0000C3EDA5 /* PageFixer.app */ = {
			isa = PBXReferenceProxy;
			fileType = wrapper.application;
			path = PageFixer.app;
			remoteRef = DAC9C1D4110A1A0000C3EDA5 /* PBXContainerItemProxy */;
			sourceTree = BUILT_PRODUCTS_DIR;
		};
		DAC9C1D7110A1A0000C3EDA5 /* BarcodeOverprinter.app */ = {
			isa = PBXReferenceProxy;
			fileType = wrapper.application;
			path = BarcodeOverprinter.app;
			remoteRef = DAC9C1D6110A1A0000C3EDA5 /* PBXContainerItemProxy */;
			sourceTree = BUILT_PRODUCTS_DIR;
		};
		DAC9C1D9110A1A0000C3EDA5 /* TextPlayground.app */ = {
			isa = PBXReferenceProxy;
			fileType = wrapper.application;
			path = TextPlayground.app;
			remoteRef = DAC9C1D8110A1A0000C3EDA5 /* PBXContainerItemProxy */;
			sourceTree = BUILT_PRODUCTS_DIR;
		};
/* End PBXReferenceProxy section */

/* Begin PBXResourcesBuildPhase section */
		6A4966780DE478A8001E75AA /* Resources */ = {
			isa = PBXResourcesBuildPhase;
			buildActionMask = 2147483647;
			files = (
			);
			runOnlyForDeploymentPostprocessing = 0;
		};
/* End PBXResourcesBuildPhase section */

/* Begin PBXSourcesBuildPhase section */
		6A4966790DE478A8001E75AA /* Sources */ = {
			isa = PBXSourcesBuildPhase;
			buildActionMask = 2147483647;
			files = (
				6A4966880DE47906001E75AA /* Main.mm in Sources */,
				DAC117F1104A36980064004E /* ZRCGUtilities.mm in Sources */,
				DAC9C211110A1D6C00C3EDA5 /* ColorBitmapContext.cpp in Sources */,
				DAC9C212110A1D6C00C3EDA5 /* ContextGraphics.cpp in Sources */,
				DAC9C213110A1D6C00C3EDA5 /* ImageHelper.cpp in Sources */,
				DAC9C214110A1D6C00C3EDA5 /* SinglePagePDF.cpp in Sources */,
			);
			runOnlyForDeploymentPostprocessing = 0;
		};
/* End PBXSourcesBuildPhase section */

/* Begin PBXTargetDependency section */
		DAC9C1F4110A1A9E00C3EDA5 /* PBXTargetDependency */ = {
			isa = PBXTargetDependency;
			name = PageElements;
			targetProxy = DAC9C1F3110A1A9E00C3EDA5 /* PBXContainerItemProxy */;
		};
		DAC9C1F6110A1AA100C3EDA5 /* PBXTargetDependency */ = {
			isa = PBXTargetDependency;
			name = NSExtensions;
			targetProxy = DAC9C1F5110A1AA100C3EDA5 /* PBXContainerItemProxy */;
		};
/* End PBXTargetDependency section */

/* Begin XCBuildConfiguration section */
		6A4966680DE4788E001E75AA /* Debug */ = {
			isa = XCBuildConfiguration;
			buildSettings = {
				ARCHS = "$(ARCHS_STANDARD_32_64_BIT_PRE_XCODE_3_1)";
				ARCHS_STANDARD_32_64_BIT_PRE_XCODE_3_1 = "x86_64 i386 ppc";
				COPY_PHASE_STRIP = NO;
				PRECOMPS_INCLUDE_HEADERS_FROM_BUILT_PRODUCTS_DIR = YES;
			};
			name = Debug;
		};
		6A4966690DE4788E001E75AA /* Release */ = {
			isa = XCBuildConfiguration;
			buildSettings = {
				ARCHS = "$(ARCHS_STANDARD_32_BIT_PRE_XCODE_3_1)";
				ARCHS_STANDARD_32_BIT_PRE_XCODE_3_1 = "ppc i386";
				COPY_PHASE_STRIP = YES;
				PRECOMPS_INCLUDE_HEADERS_FROM_BUILT_PRODUCTS_DIR = YES;
			};
			name = Release;
		};
		6A4966800DE478A8001E75AA /* Debug */ = {
			isa = XCBuildConfiguration;
			buildSettings = {
				ALWAYS_SEARCH_USER_PATHS = NO;
				ARCHS = "$(ARCHS_STANDARD_32_64_BIT_PRE_XCODE_3_1)";
				ARCHS_STANDARD_32_64_BIT_PRE_XCODE_3_1 = "x86_64 i386 ppc";
				COPY_PHASE_STRIP = NO;
				FRAMEWORK_SEARCH_PATHS = (
					"$(inherited)",
					"$(FRAMEWORK_SEARCH_PATHS_QUOTED_FOR_TARGET_1)",
					"$(FRAMEWORK_SEARCH_PATHS_QUOTED_FOR_TARGET_2)",
				);
				GCC_DYNAMIC_NO_PIC = NO;
				GCC_ENABLE_FIX_AND_CONTINUE = YES;
				GCC_MODEL_TUNING = G5;
				GCC_OPTIMIZATION_LEVEL = 0;
				GCC_PRECOMPILE_PREFIX_HEADER = NO;
				GCC_PREFIX_HEADER = "";
				HEADER_SEARCH_PATHS = "../PageCircus/**";
				INFOPLIST_FILE = "PageComposer-Info.plist";
				INSTALL_PATH = "$(HOME)/Applications";
				OTHER_LDFLAGS = (
					"-framework",
					Foundation,
				);
				PREBINDING = NO;
				PRODUCT_NAME = PageComposer;
			};
			name = Debug;
		};
		6A4966810DE478A8001E75AA /* Release */ = {
			isa = XCBuildConfiguration;
			buildSettings = {
				ALWAYS_SEARCH_USER_PATHS = NO;
				ARCHS = "$(ARCHS_STANDARD_32_BIT_PRE_XCODE_3_1)";
				ARCHS_STANDARD_32_BIT_PRE_XCODE_3_1 = "ppc i386";
				COPY_PHASE_STRIP = YES;
				DEBUG_INFORMATION_FORMAT = "dwarf-with-dsym";
				FRAMEWORK_SEARCH_PATHS = (
					"$(inherited)",
					"$(FRAMEWORK_SEARCH_PATHS_QUOTED_FOR_TARGET_1)",
					"$(FRAMEWORK_SEARCH_PATHS_QUOTED_FOR_TARGET_2)",
				);
				FRAMEWORK_SEARCH_PATHS_QUOTED_FOR_TARGET_1 = "\"$(SRCROOT)/ExternalDependencies\"";
				FRAMEWORK_SEARCH_PATHS_QUOTED_FOR_TARGET_2 = "\"$(SRCROOT)/ExternalDependencies\"";
				GCC_ENABLE_FIX_AND_CONTINUE = NO;
				GCC_MODEL_TUNING = G5;
				GCC_PRECOMPILE_PREFIX_HEADER = NO;
				GCC_PREFIX_HEADER = "";
				HEADER_SEARCH_PATHS = "../PageCircus//**";
				INFOPLIST_FILE = "PageComposer-Info.plist";
				INSTALL_PATH = "$(HOME)/Applications";
				OTHER_LDFLAGS = (
					"-framework",
					Foundation,
					"-framework",
					AppKit,
				);
				PREBINDING = NO;
				PRODUCT_NAME = PageComposer;
				ZERO_LINK = NO;
			};
			name = Release;
		};
/* End XCBuildConfiguration section */

/* Begin XCConfigurationList section */
		6A49666A0DE4788E001E75AA /* Build configuration list for PBXProject "PageComposer" */ = {
			isa = XCConfigurationList;
			buildConfigurations = (
				6A4966680DE4788E001E75AA /* Debug */,
				6A4966690DE4788E001E75AA /* Release */,
			);
			defaultConfigurationIsVisible = 0;
			defaultConfigurationName = Release;
		};
		6A4966820DE478A9001E75AA /* Build configuration list for PBXNativeTarget "PageComposer" */ = {
			isa = XCConfigurationList;
			buildConfigurations = (
				6A4966800DE478A8001E75AA /* Debug */,
				6A4966810DE478A8001E75AA /* Release */,
			);
			defaultConfigurationIsVisible = 0;
			defaultConfigurationName = Release;
		};
/* End XCConfigurationList section */
	};
	rootObject = 6A4966670DE4788E001E75AA /* Project object */;
}
